dependencies:
- name: nginx-ingress
  repository: https://kubernetes-charts.storage.googleapis.com/
  version: 0.22.1
- name: cert-manager
  repository: https://kubernetes-charts.storage.googleapis.com/
  version: v0.5.2
digest: sha256:d00f51003748df40a2b194de1aa683b04b4d2ed66e227cf77acd7c85faa31bb7
generated: 2019-07-02T16:46:41.9482192-07:00
