dependencies:
- name: ingress-nginx
  repository: https://kubernetes.github.io/ingress-nginx
  version: 4.0.2
- name: cert-manager
  repository: https://charts.jetstack.io
  version: v1.8.2
digest: sha256:e0d8f27f5b56afc6c8bf43ab8582f1900460d8d171c5693867a5f405f717e5f2
generated: "2022-07-04T10:33:08.0896569-07:00"
