dependencies:
- name: nginx-ingress
  repository: https://kubernetes-charts.storage.googleapis.com/
  version: 0.22.1
- name: cert-manager
  repository: https://charts.jetstack.io
  version: v0.11.0
digest: sha256:988bfe9898e508a4389dddf9d828e6c9bd62047e3590da62c065aca69eaa9f34
generated: 2019-11-12T18:51:33.4993826Z
